// !$*UTF8*$!
{
	archiveVersion = 1;
	classes = {
	};
	objectVersion = 48;
	objects = {

/* Begin PBXBuildFile section */
		59828CF36197FE5010BADED3 /* Pods_MovieBrowser.framework in Frameworks */ = {isa = PBXBuildFile; fileRef = 676856CC148098F2AFC49CDC /* Pods_MovieBrowser.framework */; };
		AB3043DF21219E94009FDFFC /* Constant.swift in Sources */ = {isa = PBXBuildFile; fileRef = AB3043DE21219E94009FDFFC /* Constant.swift */; };
		AB3043E221219F9A009FDFFC /* MainListApiModel.swift in Sources */ = {isa = PBXBuildFile; fileRef = AB3043E121219F9A009FDFFC /* MainListApiModel.swift */; };
		AB3043F02121FADE009FDFFC /* Localizable.strings in Resources */ = {isa = PBXBuildFile; fileRef = AB3043F22121FADE009FDFFC /* Localizable.strings */; };
		AB3043F72121FB63009FDFFC /* StringExtension.swift in Sources */ = {isa = PBXBuildFile; fileRef = AB3043F62121FB63009FDFFC /* StringExtension.swift */; };
		AB3CDF7B2120B9F400760410 /* AppDelegate.swift in Sources */ = {isa = PBXBuildFile; fileRef = AB3CDF7A2120B9F400760410 /* AppDelegate.swift */; };
		AB3CDF802120B9F400760410 /* Main.storyboard in Resources */ = {isa = PBXBuildFile; fileRef = AB3CDF7E2120B9F400760410 /* Main.storyboard */; };
		AB3CDF822120B9F700760410 /* Assets.xcassets in Resources */ = {isa = PBXBuildFile; fileRef = AB3CDF812120B9F700760410 /* Assets.xcassets */; };
		AB3CDF852120B9F700760410 /* LaunchScreen.storyboard in Resources */ = {isa = PBXBuildFile; fileRef = AB3CDF832120B9F700760410 /* LaunchScreen.storyboard */; };
		AB3CDF8E2120BB0800760410 /* MainSceneViewController.swift in Sources */ = {isa = PBXBuildFile; fileRef = AB3CDF8C2120BB0800760410 /* MainSceneViewController.swift */; };
		AB3CDF8F2120BB0800760410 /* MainSceneViewController.xib in Resources */ = {isa = PBXBuildFile; fileRef = AB3CDF8D2120BB0800760410 /* MainSceneViewController.xib */; };
		AB3CDF942120BB6200760410 /* MainSceneTableViewCell.swift in Sources */ = {isa = PBXBuildFile; fileRef = AB3CDF922120BB6200760410 /* MainSceneTableViewCell.swift */; };
		AB3CDF952120BB6200760410 /* MainSceneTableViewCell.xib in Resources */ = {isa = PBXBuildFile; fileRef = AB3CDF932120BB6200760410 /* MainSceneTableViewCell.xib */; };
		AB3CDF982120CFBD00760410 /* NetworkManager.swift in Sources */ = {isa = PBXBuildFile; fileRef = AB3CDF972120CFBD00760410 /* NetworkManager.swift */; };
		AB3CDF9A2120D22200760410 /* Alamofire.framework in Frameworks */ = {isa = PBXBuildFile; fileRef = AB3CDF992120D22200760410 /* Alamofire.framework */; };
		AB3CDF9C2120D34E00760410 /* SwiftyJSON.framework in Frameworks */ = {isa = PBXBuildFile; fileRef = AB3CDF9B2120D34E00760410 /* SwiftyJSON.framework */; };
		AB80B9472123FEE20024ADD6 /* SDWebImage.framework in Frameworks */ = {isa = PBXBuildFile; fileRef = AB80B9462123FEE20024ADD6 /* SDWebImage.framework */; };
		AB80B9492123FEE20024ADD6 /* SVProgressHUD.framework in Frameworks */ = {isa = PBXBuildFile; fileRef = AB80B9482123FEE20024ADD6 /* SVProgressHUD.framework */; };
		AB935AF4212294E300D29D56 /* UIColorExtension.swift in Sources */ = {isa = PBXBuildFile; fileRef = AB935AF3212294E300D29D56 /* UIColorExtension.swift */; };
		AB935AF62122953100D29D56 /* UIImageExtension.swift in Sources */ = {isa = PBXBuildFile; fileRef = AB935AF52122953100D29D56 /* UIImageExtension.swift */; };
		AB935AFA21234CE400D29D56 /* MovieDetailViewController.swift in Sources */ = {isa = PBXBuildFile; fileRef = AB935AF821234CE400D29D56 /* MovieDetailViewController.swift */; };
		AB935AFB21234CE400D29D56 /* MovieDetailViewController.xib in Resources */ = {isa = PBXBuildFile; fileRef = AB935AF921234CE400D29D56 /* MovieDetailViewController.xib */; };
		AB935AFD2123502500D29D56 /* MovieDetailHeaderView.xib in Resources */ = {isa = PBXBuildFile; fileRef = AB935AFC2123502500D29D56 /* MovieDetailHeaderView.xib */; };
		AB935AFF2123504300D29D56 /* MovieDetailHeaderView.swift in Sources */ = {isa = PBXBuildFile; fileRef = AB935AFE2123504300D29D56 /* MovieDetailHeaderView.swift */; };
		AB935B03212362B400D29D56 /* MoviewDetailDescriptionView.xib in Resources */ = {isa = PBXBuildFile; fileRef = AB935B02212362B400D29D56 /* MoviewDetailDescriptionView.xib */; };
		AB935B05212364F000D29D56 /* MoviewDetailDescriptionView.swift in Sources */ = {isa = PBXBuildFile; fileRef = AB935B04212364F000D29D56 /* MoviewDetailDescriptionView.swift */; };
		AB935B0721236A5900D29D56 /* MovieDetailApiModel.swift in Sources */ = {isa = PBXBuildFile; fileRef = AB935B0621236A5900D29D56 /* MovieDetailApiModel.swift */; };
		AB935B0B2123C8BC00D29D56 /* MovieBookingWebViewController.swift in Sources */ = {isa = PBXBuildFile; fileRef = AB935B092123C8BC00D29D56 /* MovieBookingWebViewController.swift */; };
		AB935B0C2123C8BC00D29D56 /* MovieBookingWebViewController.xib in Resources */ = {isa = PBXBuildFile; fileRef = AB935B0A2123C8BC00D29D56 /* MovieBookingWebViewController.xib */; };
		AB935B0F2123DA7D00D29D56 /* LanguageLocalizable.strings in Resources */ = {isa = PBXBuildFile; fileRef = AB935B112123DA7D00D29D56 /* LanguageLocalizable.strings */; };
/* End PBXBuildFile section */

/* Begin PBXFileReference section */
		676856CC148098F2AFC49CDC /* Pods_MovieBrowser.framework */ = {isa = PBXFileReference; explicitFileType = wrapper.framework; includeInIndex = 0; path = Pods_MovieBrowser.framework; sourceTree = BUILT_PRODUCTS_DIR; };
		94F6B6D322FFE6B84752DBAB /* Pods-MovieBrowser.release.xcconfig */ = {isa = PBXFileReference; includeInIndex = 1; lastKnownFileType = text.xcconfig; name = "Pods-MovieBrowser.release.xcconfig"; path = "Pods/Target Support Files/Pods-MovieBrowser/Pods-MovieBrowser.release.xcconfig"; sourceTree = "<group>"; };
		AB3043DE21219E94009FDFFC /* Constant.swift */ = {isa = PBXFileReference; lastKnownFileType = sourcecode.swift; path = Constant.swift; sourceTree = "<group>"; };
		AB3043E121219F9A009FDFFC /* MainListApiModel.swift */ = {isa = PBXFileReference; lastKnownFileType = sourcecode.swift; path = MainListApiModel.swift; sourceTree = "<group>"; };
		AB3043EB2121FAAC009FDFFC /* zh-Hant */ = {isa = PBXFileReference; lastKnownFileType = text.plist.strings; name = "zh-Hant"; path = "zh-Hant.lproj/Main.strings"; sourceTree = "<group>"; };
		AB3043EC2121FAAC009FDFFC /* zh-Hant */ = {isa = PBXFileReference; lastKnownFileType = text.plist.strings; name = "zh-Hant"; path = "zh-Hant.lproj/LaunchScreen.strings"; sourceTree = "<group>"; };
		AB3043F12121FADE009FDFFC /* zh-Hant */ = {isa = PBXFileReference; lastKnownFileType = text.plist.strings; name = "zh-Hant"; path = "zh-Hant.lproj/Localizable.strings"; sourceTree = "<group>"; };
		AB3043F42121FAF6009FDFFC /* en */ = {isa = PBXFileReference; lastKnownFileType = text.plist.strings; name = en; path = en.lproj/Localizable.strings; sourceTree = "<group>"; };
		AB3043F62121FB63009FDFFC /* StringExtension.swift */ = {isa = PBXFileReference; lastKnownFileType = sourcecode.swift; path = StringExtension.swift; sourceTree = "<group>"; };
		AB3CDF772120B9F400760410 /* MovieBrowser.app */ = {isa = PBXFileReference; explicitFileType = wrapper.application; includeInIndex = 0; path = MovieBrowser.app; sourceTree = BUILT_PRODUCTS_DIR; };
		AB3CDF7A2120B9F400760410 /* AppDelegate.swift */ = {isa = PBXFileReference; lastKnownFileType = sourcecode.swift; path = AppDelegate.swift; sourceTree = "<group>"; };
		AB3CDF7F2120B9F400760410 /* Base */ = {isa = PBXFileReference; lastKnownFileType = file.storyboard; name = Base; path = Base.lproj/Main.storyboard; sourceTree = "<group>"; };
		AB3CDF812120B9F700760410 /* Assets.xcassets */ = {isa = PBXFileReference; lastKnownFileType = folder.assetcatalog; path = Assets.xcassets; sourceTree = "<group>"; };
		AB3CDF842120B9F700760410 /* Base */ = {isa = PBXFileReference; lastKnownFileType = file.storyboard; name = Base; path = Base.lproj/LaunchScreen.storyboard; sourceTree = "<group>"; };
		AB3CDF862120B9F700760410 /* Info.plist */ = {isa = PBXFileReference; lastKnownFileType = text.plist.xml; path = Info.plist; sourceTree = "<group>"; };
		AB3CDF8C2120BB0800760410 /* MainSceneViewController.swift */ = {isa = PBXFileReference; lastKnownFileType = sourcecode.swift; path = MainSceneViewController.swift; sourceTree = "<group>"; };
		AB3CDF8D2120BB0800760410 /* MainSceneViewController.xib */ = {isa = PBXFileReference; lastKnownFileType = file.xib; path = MainSceneViewController.xib; sourceTree = "<group>"; };
		AB3CDF922120BB6200760410 /* MainSceneTableViewCell.swift */ = {isa = PBXFileReference; lastKnownFileType = sourcecode.swift; path = MainSceneTableViewCell.swift; sourceTree = "<group>"; };
		AB3CDF932120BB6200760410 /* MainSceneTableViewCell.xib */ = {isa = PBXFileReference; lastKnownFileType = file.xib; path = MainSceneTableViewCell.xib; sourceTree = "<group>"; };
		AB3CDF972120CFBD00760410 /* NetworkManager.swift */ = {isa = PBXFileReference; lastKnownFileType = sourcecode.swift; path = NetworkManager.swift; sourceTree = "<group>"; };
		AB3CDF992120D22200760410 /* Alamofire.framework */ = {isa = PBXFileReference; explicitFileType = wrapper.framework; path = Alamofire.framework; sourceTree = BUILT_PRODUCTS_DIR; };
		AB3CDF9B2120D34E00760410 /* SwiftyJSON.framework */ = {isa = PBXFileReference; explicitFileType = wrapper.framework; path = SwiftyJSON.framework; sourceTree = BUILT_PRODUCTS_DIR; };
		AB80B9462123FEE20024ADD6 /* SDWebImage.framework */ = {isa = PBXFileReference; explicitFileType = wrapper.framework; path = SDWebImage.framework; sourceTree = BUILT_PRODUCTS_DIR; };
		AB80B9482123FEE20024ADD6 /* SVProgressHUD.framework */ = {isa = PBXFileReference; explicitFileType = wrapper.framework; path = SVProgressHUD.framework; sourceTree = BUILT_PRODUCTS_DIR; };
		AB935AF3212294E300D29D56 /* UIColorExtension.swift */ = {isa = PBXFileReference; lastKnownFileType = sourcecode.swift; path = UIColorExtension.swift; sourceTree = "<group>"; };
		AB935AF52122953100D29D56 /* UIImageExtension.swift */ = {isa = PBXFileReference; lastKnownFileType = sourcecode.swift; path = UIImageExtension.swift; sourceTree = "<group>"; };
		AB935AF821234CE400D29D56 /* MovieDetailViewController.swift */ = {isa = PBXFileReference; lastKnownFileType = sourcecode.swift; path = MovieDetailViewController.swift; sourceTree = "<group>"; };
		AB935AF921234CE400D29D56 /* MovieDetailViewController.xib */ = {isa = PBXFileReference; lastKnownFileType = file.xib; path = MovieDetailViewController.xib; sourceTree = "<group>"; };
		AB935AFC2123502500D29D56 /* MovieDetailHeaderView.xib */ = {isa = PBXFileReference; lastKnownFileType = file.xib; path = MovieDetailHeaderView.xib; sourceTree = "<group>"; };
		AB935AFE2123504300D29D56 /* MovieDetailHeaderView.swift */ = {isa = PBXFileReference; lastKnownFileType = sourcecode.swift; path = MovieDetailHeaderView.swift; sourceTree = "<group>"; };
		AB935B02212362B400D29D56 /* MoviewDetailDescriptionView.xib */ = {isa = PBXFileReference; lastKnownFileType = file.xib; path = MoviewDetailDescriptionView.xib; sourceTree = "<group>"; };
		AB935B04212364F000D29D56 /* MoviewDetailDescriptionView.swift */ = {isa = PBXFileReference; lastKnownFileType = sourcecode.swift; path = MoviewDetailDescriptionView.swift; sourceTree = "<group>"; };
		AB935B0621236A5900D29D56 /* MovieDetailApiModel.swift */ = {isa = PBXFileReference; lastKnownFileType = sourcecode.swift; path = MovieDetailApiModel.swift; sourceTree = "<group>"; };
		AB935B092123C8BC00D29D56 /* MovieBookingWebViewController.swift */ = {isa = PBXFileReference; lastKnownFileType = sourcecode.swift; path = MovieBookingWebViewController.swift; sourceTree = "<group>"; };
		AB935B0A2123C8BC00D29D56 /* MovieBookingWebViewController.xib */ = {isa = PBXFileReference; lastKnownFileType = file.xib; path = MovieBookingWebViewController.xib; sourceTree = "<group>"; };
		AB935B102123DA7D00D29D56 /* zh-Hant */ = {isa = PBXFileReference; lastKnownFileType = text.plist.strings; name = "zh-Hant"; path = "zh-Hant.lproj/LanguageLocalizable.strings"; sourceTree = "<group>"; };
		AB935B122123DA8000D29D56 /* en */ = {isa = PBXFileReference; lastKnownFileType = text.plist.strings; name = en; path = en.lproj/LanguageLocalizable.strings; sourceTree = "<group>"; };
		C064AD2A6A286F803DD3B52B /* Pods-MovieBrowser.debug.xcconfig */ = {isa = PBXFileReference; includeInIndex = 1; lastKnownFileType = text.xcconfig; name = "Pods-MovieBrowser.debug.xcconfig"; path = "Pods/Target Support Files/Pods-MovieBrowser/Pods-MovieBrowser.debug.xcconfig"; sourceTree = "<group>"; };
/* End PBXFileReference section */

/* Begin PBXFrameworksBuildPhase section */
		AB3CDF742120B9F400760410 /* Frameworks */ = {
			isa = PBXFrameworksBuildPhase;
			buildActionMask = 2147483647;
			files = (
				AB80B9472123FEE20024ADD6 /* SDWebImage.framework in Frameworks */,
				AB80B9492123FEE20024ADD6 /* SVProgressHUD.framework in Frameworks */,
				AB3CDF9C2120D34E00760410 /* SwiftyJSON.framework in Frameworks */,
				AB3CDF9A2120D22200760410 /* Alamofire.framework in Frameworks */,
				59828CF36197FE5010BADED3 /* Pods_MovieBrowser.framework in Frameworks */,
			);
			runOnlyForDeploymentPostprocessing = 0;
		};
/* End PBXFrameworksBuildPhase section */

/* Begin PBXGroup section */
		09741F4DBC1AECE4A4472148 /* Pods */ = {
			isa = PBXGroup;
			children = (
				C064AD2A6A286F803DD3B52B /* Pods-MovieBrowser.debug.xcconfig */,
				94F6B6D322FFE6B84752DBAB /* Pods-MovieBrowser.release.xcconfig */,
			);
			name = Pods;
			sourceTree = "<group>";
		};
		939163341B0A793E638046AD /* Frameworks */ = {
			isa = PBXGroup;
			children = (
				AB80B9462123FEE20024ADD6 /* SDWebImage.framework */,
				AB80B9482123FEE20024ADD6 /* SVProgressHUD.framework */,
				AB3CDF9B2120D34E00760410 /* SwiftyJSON.framework */,
				AB3CDF992120D22200760410 /* Alamofire.framework */,
				676856CC148098F2AFC49CDC /* Pods_MovieBrowser.framework */,
			);
			name = Frameworks;
			sourceTree = "<group>";
		};
		AB3043E021219F89009FDFFC /* Models */ = {
			isa = PBXGroup;
			children = (
				AB3043E121219F9A009FDFFC /* MainListApiModel.swift */,
				AB935B0621236A5900D29D56 /* MovieDetailApiModel.swift */,
			);
			name = Models;
			sourceTree = "<group>";
		};
		AB3043ED2121FAB9009FDFFC /* Localizable */ = {
			isa = PBXGroup;
			children = (
				AB3043F22121FADE009FDFFC /* Localizable.strings */,
				AB935B112123DA7D00D29D56 /* LanguageLocalizable.strings */,
			);
			name = Localizable;
			sourceTree = "<group>";
		};
		AB3043F52121FB4E009FDFFC /* Extensions */ = {
			isa = PBXGroup;
			children = (
				AB3043F62121FB63009FDFFC /* StringExtension.swift */,
				AB935AF3212294E300D29D56 /* UIColorExtension.swift */,
				AB935AF52122953100D29D56 /* UIImageExtension.swift */,
			);
			name = Extensions;
			sourceTree = "<group>";
		};
		AB3CDF6E2120B9F400760410 = {
			isa = PBXGroup;
			children = (
				AB3CDF792120B9F400760410 /* MovieBrowser */,
				AB3CDF782120B9F400760410 /* Products */,
				09741F4DBC1AECE4A4472148 /* Pods */,
				939163341B0A793E638046AD /* Frameworks */,
			);
			sourceTree = "<group>";
		};
		AB3CDF782120B9F400760410 /* Products */ = {
			isa = PBXGroup;
			children = (
				AB3CDF772120B9F400760410 /* MovieBrowser.app */,
			);
			name = Products;
			sourceTree = "<group>";
		};
		AB3CDF792120B9F400760410 /* MovieBrowser */ = {
			isa = PBXGroup;
			children = (
				AB3043F52121FB4E009FDFFC /* Extensions */,
				AB3043ED2121FAB9009FDFFC /* Localizable */,
				AB3CDF912120BB2100760410 /* Scenes */,
				AB3043E021219F89009FDFFC /* Models */,
				AB3CDF962120CF9B00760410 /* Utilities */,
				AB3CDF7A2120B9F400760410 /* AppDelegate.swift */,
				AB3CDF7E2120B9F400760410 /* Main.storyboard */,
				AB3CDF812120B9F700760410 /* Assets.xcassets */,
				AB3CDF832120B9F700760410 /* LaunchScreen.storyboard */,
				AB3CDF862120B9F700760410 /* Info.plist */,
			);
			path = MovieBrowser;
			sourceTree = "<group>";
		};
		AB3CDF902120BB1200760410 /* MainScene */ = {
			isa = PBXGroup;
			children = (
				AB3CDF8D2120BB0800760410 /* MainSceneViewController.xib */,
				AB3CDF8C2120BB0800760410 /* MainSceneViewController.swift */,
				AB3CDF922120BB6200760410 /* MainSceneTableViewCell.swift */,
				AB3CDF932120BB6200760410 /* MainSceneTableViewCell.xib */,
			);
			path = MainScene;
			sourceTree = "<group>";
		};
		AB3CDF912120BB2100760410 /* Scenes */ = {
			isa = PBXGroup;
			children = (
				AB935B082123C88500D29D56 /* MovieBookingScene */,
				AB935AF721234C7800D29D56 /* MovieDetailScene */,
				AB3CDF902120BB1200760410 /* MainScene */,
			);
			path = Scenes;
			sourceTree = "<group>";
		};
		AB3CDF962120CF9B00760410 /* Utilities */ = {
			isa = PBXGroup;
			children = (
				AB3CDF972120CFBD00760410 /* NetworkManager.swift */,
				AB3043DE21219E94009FDFFC /* Constant.swift */,
			);
			name = Utilities;
			sourceTree = "<group>";
		};
		AB935AF721234C7800D29D56 /* MovieDetailScene */ = {
			isa = PBXGroup;
			children = (
				AB935AF821234CE400D29D56 /* MovieDetailViewController.swift */,
				AB935AF921234CE400D29D56 /* MovieDetailViewController.xib */,
				AB935AFE2123504300D29D56 /* MovieDetailHeaderView.swift */,
				AB935AFC2123502500D29D56 /* MovieDetailHeaderView.xib */,
				AB935B04212364F000D29D56 /* MoviewDetailDescriptionView.swift */,
				AB935B02212362B400D29D56 /* MoviewDetailDescriptionView.xib */,
			);
			path = MovieDetailScene;
			sourceTree = "<group>";
		};
		AB935B082123C88500D29D56 /* MovieBookingScene */ = {
			isa = PBXGroup;
			children = (
				AB935B092123C8BC00D29D56 /* MovieBookingWebViewController.swift */,
				AB935B0A2123C8BC00D29D56 /* MovieBookingWebViewController.xib */,
			);
			path = MovieBookingScene;
			sourceTree = "<group>";
		};
/* End PBXGroup section */

/* Begin PBXNativeTarget section */
		AB3CDF762120B9F400760410 /* MovieBrowser */ = {
			isa = PBXNativeTarget;
			buildConfigurationList = AB3CDF892120B9F700760410 /* Build configuration list for PBXNativeTarget "MovieBrowser" */;
			buildPhases = (
				E4CC363714F8BD94F79854B4 /* [CP] Check Pods Manifest.lock */,
				AB3CDF732120B9F400760410 /* Sources */,
				AB3CDF742120B9F400760410 /* Frameworks */,
				AB3CDF752120B9F400760410 /* Resources */,
				4437A220C9669FE516BC4226 /* [CP] Embed Pods Frameworks */,
				46B73BAF24C6913DFF59FB0F /* [CP] Copy Pods Resources */,
			);
			buildRules = (
			);
			dependencies = (
			);
			name = MovieBrowser;
			productName = MovieBrowser;
			productReference = AB3CDF772120B9F400760410 /* MovieBrowser.app */;
			productType = "com.apple.product-type.application";
		};
/* End PBXNativeTarget section */

/* Begin PBXProject section */
		AB3CDF6F2120B9F400760410 /* Project object */ = {
			isa = PBXProject;
			attributes = {
				LastSwiftUpdateCheck = 0940;
				LastUpgradeCheck = 0940;
				ORGANIZATIONNAME = PaulHsieh;
				TargetAttributes = {
					AB3CDF762120B9F400760410 = {
						CreatedOnToolsVersion = 9.4.1;
						ProvisioningStyle = Automatic;
					};
				};
			};
			buildConfigurationList = AB3CDF722120B9F400760410 /* Build configuration list for PBXProject "MovieBrowser" */;
			compatibilityVersion = "Xcode 8.0";
			developmentRegion = en;
			hasScannedForEncodings = 0;
			knownRegions = (
				en,
				Base,
			);
			mainGroup = AB3CDF6E2120B9F400760410;
			productRefGroup = AB3CDF782120B9F400760410 /* Products */;
			projectDirPath = "";
			projectRoot = "";
			targets = (
				AB3CDF762120B9F400760410 /* MovieBrowser */,
			);
		};
/* End PBXProject section */

/* Begin PBXResourcesBuildPhase section */
		AB3CDF752120B9F400760410 /* Resources */ = {
			isa = PBXResourcesBuildPhase;
			buildActionMask = 2147483647;
			files = (
				AB935B0F2123DA7D00D29D56 /* LanguageLocalizable.strings in Resources */,
				AB935AFB21234CE400D29D56 /* MovieDetailViewController.xib in Resources */,
				AB935AFD2123502500D29D56 /* MovieDetailHeaderView.xib in Resources */,
				AB935B0C2123C8BC00D29D56 /* MovieBookingWebViewController.xib in Resources */,
				AB3CDF852120B9F700760410 /* LaunchScreen.storyboard in Resources */,
				AB3043F02121FADE009FDFFC /* Localizable.strings in Resources */,
				AB935B03212362B400D29D56 /* MoviewDetailDescriptionView.xib in Resources */,
				AB3CDF822120B9F700760410 /* Assets.xcassets in Resources */,
				AB3CDF8F2120BB0800760410 /* MainSceneViewController.xib in Resources */,
				AB3CDF802120B9F400760410 /* Main.storyboard in Resources */,
				AB3CDF952120BB6200760410 /* MainSceneTableViewCell.xib in Resources */,
			);
			runOnlyForDeploymentPostprocessing = 0;
		};
/* End PBXResourcesBuildPhase section */

/* Begin PBXShellScriptBuildPhase section */
		4437A220C9669FE516BC4226 /* [CP] Embed Pods Frameworks */ = {
			isa = PBXShellScriptBuildPhase;
			buildActionMask = 2147483647;
			files = (
			);
			inputPaths = (
				"${SRCROOT}/Pods/Target Support Files/Pods-MovieBrowser/Pods-MovieBrowser-frameworks.sh",
				"${BUILT_PRODUCTS_DIR}/Alamofire/Alamofire.framework",
				"${BUILT_PRODUCTS_DIR}/SDWebImage/SDWebImage.framework",
				"${BUILT_PRODUCTS_DIR}/SVProgressHUD/SVProgressHUD.framework",
				"${BUILT_PRODUCTS_DIR}/SwiftyJSON/SwiftyJSON.framework",
			);
			name = "[CP] Embed Pods Frameworks";
			outputPaths = (
				"${TARGET_BUILD_DIR}/${FRAMEWORKS_FOLDER_PATH}/Alamofire.framework",
				"${TARGET_BUILD_DIR}/${FRAMEWORKS_FOLDER_PATH}/SDWebImage.framework",
				"${TARGET_BUILD_DIR}/${FRAMEWORKS_FOLDER_PATH}/SVProgressHUD.framework",
				"${TARGET_BUILD_DIR}/${FRAMEWORKS_FOLDER_PATH}/SwiftyJSON.framework",
			);
			runOnlyForDeploymentPostprocessing = 0;
			shellPath = /bin/sh;
			shellScript = "\"${SRCROOT}/Pods/Target Support Files/Pods-MovieBrowser/Pods-MovieBrowser-frameworks.sh\"\n";
			showEnvVarsInLog = 0;
		};
		46B73BAF24C6913DFF59FB0F /* [CP] Copy Pods Resources */ = {
			isa = PBXShellScriptBuildPhase;
			buildActionMask = 2147483647;
			files = (
			);
			inputPaths = (
			);
			name = "[CP] Copy Pods Resources";
			outputPaths = (
			);
			runOnlyForDeploymentPostprocessing = 0;
			shellPath = /bin/sh;
			shellScript = "\"${SRCROOT}/Pods/Target Support Files/Pods-MovieBrowser/Pods-MovieBrowser-resources.sh\"\n";
			showEnvVarsInLog = 0;
		};
		E4CC363714F8BD94F79854B4 /* [CP] Check Pods Manifest.lock */ = {
			isa = PBXShellScriptBuildPhase;
			buildActionMask = 2147483647;
			files = (
			);
			inputPaths = (
				"${PODS_PODFILE_DIR_PATH}/Podfile.lock",
				"${PODS_ROOT}/Manifest.lock",
			);
			name = "[CP] Check Pods Manifest.lock";
			outputPaths = (
				"$(DERIVED_FILE_DIR)/Pods-MovieBrowser-checkManifestLockResult.txt",
			);
			runOnlyForDeploymentPostprocessing = 0;
			shellPath = /bin/sh;
			shellScript = "diff \"${PODS_PODFILE_DIR_PATH}/Podfile.lock\" \"${PODS_ROOT}/Manifest.lock\" > /dev/null\nif [ $? != 0 ] ; then\n    # print error to STDERR\n    echo \"error: The sandbox is not in sync with the Podfile.lock. Run 'pod install' or update your CocoaPods installation.\" >&2\n    exit 1\nfi\n# This output is used by Xcode 'outputs' to avoid re-running this script phase.\necho \"SUCCESS\" > \"${SCRIPT_OUTPUT_FILE_0}\"\n";
			showEnvVarsInLog = 0;
		};
/* End PBXShellScriptBuildPhase section */

/* Begin PBXSourcesBuildPhase section */
		AB3CDF732120B9F400760410 /* Sources */ = {
			isa = PBXSourcesBuildPhase;
			buildActionMask = 2147483647;
			files = (
				AB3CDF982120CFBD00760410 /* NetworkManager.swift in Sources */,
				AB935B0B2123C8BC00D29D56 /* MovieBookingWebViewController.swift in Sources */,
				AB3043E221219F9A009FDFFC /* MainListApiModel.swift in Sources */,
				AB935AF62122953100D29D56 /* UIImageExtension.swift in Sources */,
				AB3CDF942120BB6200760410 /* MainSceneTableViewCell.swift in Sources */,
				AB935AFF2123504300D29D56 /* MovieDetailHeaderView.swift in Sources */,
				AB3043F72121FB63009FDFFC /* StringExtension.swift in Sources */,
				AB935AF4212294E300D29D56 /* UIColorExtension.swift in Sources */,
				AB3CDF7B2120B9F400760410 /* AppDelegate.swift in Sources */,
				AB935B05212364F000D29D56 /* MoviewDetailDescriptionView.swift in Sources */,
				AB3CDF8E2120BB0800760410 /* MainSceneViewController.swift in Sources */,
				AB935AFA21234CE400D29D56 /* MovieDetailViewController.swift in Sources */,
				AB935B0721236A5900D29D56 /* MovieDetailApiModel.swift in Sources */,
				AB3043DF21219E94009FDFFC /* Constant.swift in Sources */,
			);
			runOnlyForDeploymentPostprocessing = 0;
		};
/* End PBXSourcesBuildPhase section */

/* Begin PBXVariantGroup section */
		AB3043F22121FADE009FDFFC /* Localizable.strings */ = {
			isa = PBXVariantGroup;
			children = (
				AB3043F12121FADE009FDFFC /* zh-Hant */,
				AB3043F42121FAF6009FDFFC /* en */,
			);
			name = Localizable.strings;
			sourceTree = "<group>";
		};
		AB3CDF7E2120B9F400760410 /* Main.storyboard */ = {
			isa = PBXVariantGroup;
			children = (
				AB3CDF7F2120B9F400760410 /* Base */,
				AB3043EB2121FAAC009FDFFC /* zh-Hant */,
			);
			name = Main.storyboard;
			sourceTree = "<group>";
		};
		AB3CDF832120B9F700760410 /* LaunchScreen.storyboard */ = {
			isa = PBXVariantGroup;
			children = (
				AB3CDF842120B9F700760410 /* Base */,
				AB3043EC2121FAAC009FDFFC /* zh-Hant */,
			);
			name = LaunchScreen.storyboard;
			sourceTree = "<group>";
		};
		AB935B112123DA7D00D29D56 /* LanguageLocalizable.strings */ = {
			isa = PBXVariantGroup;
			children = (
				AB935B102123DA7D00D29D56 /* zh-Hant */,
				AB935B122123DA8000D29D56 /* en */,
			);
			name = LanguageLocalizable.strings;
			sourceTree = "<group>";
		};
/* End PBXVariantGroup section */

/* Begin XCBuildConfiguration section */
		AB3CDF872120B9F700760410 /* Debug */ = {
			isa = XCBuildConfiguration;
			buildSettings = {
				ALWAYS_SEARCH_USER_PATHS = NO;
				CLANG_ANALYZER_LOCALIZABILITY_NONLOCALIZED = YES;
				CLANG_ANALYZER_NONNULL = YES;
				CLANG_ANALYZER_NUMBER_OBJECT_CONVERSION = YES_AGGRESSIVE;
				CLANG_CXX_LANGUAGE_STANDARD = "gnu++14";
				CLANG_CXX_LIBRARY = "libc++";
				CLANG_ENABLE_MODULES = YES;
				CLANG_ENABLE_OBJC_ARC = YES;
				CLANG_ENABLE_OBJC_WEAK = YES;
				CLANG_WARN_BLOCK_CAPTURE_AUTORELEASING = YES;
				CLANG_WARN_BOOL_CONVERSION = YES;
				CLANG_WARN_COMMA = YES;
				CLANG_WARN_CONSTANT_CONVERSION = YES;
				CLANG_WARN_DEPRECATED_OBJC_IMPLEMENTATIONS = YES;
				CLANG_WARN_DIRECT_OBJC_ISA_USAGE = YES_ERROR;
				CLANG_WARN_DOCUMENTATION_COMMENTS = YES;
				CLANG_WARN_EMPTY_BODY = YES;
				CLANG_WARN_ENUM_CONVERSION = YES;
				CLANG_WARN_INFINITE_RECURSION = YES;
				CLANG_WARN_INT_CONVERSION = YES;
				CLANG_WARN_NON_LITERAL_NULL_CONVERSION = YES;
				CLANG_WARN_OBJC_IMPLICIT_RETAIN_SELF = YES;
				CLANG_WARN_OBJC_LITERAL_CONVERSION = YES;
				CLANG_WARN_OBJC_ROOT_CLASS = YES_ERROR;
				CLANG_WARN_RANGE_LOOP_ANALYSIS = YES;
				CLANG_WARN_STRICT_PROTOTYPES = YES;
				CLANG_WARN_SUSPICIOUS_MOVE = YES;
				CLANG_WARN_UNGUARDED_AVAILABILITY = YES_AGGRESSIVE;
				CLANG_WARN_UNREACHABLE_CODE = YES;
				CLANG_WARN__DUPLICATE_METHOD_MATCH = YES;
				CODE_SIGN_IDENTITY = "iPhone Developer";
				COPY_PHASE_STRIP = NO;
				DEBUG_INFORMATION_FORMAT = dwarf;
				ENABLE_STRICT_OBJC_MSGSEND = YES;
				ENABLE_TESTABILITY = YES;
				GCC_C_LANGUAGE_STANDARD = gnu11;
				GCC_DYNAMIC_NO_PIC = NO;
				GCC_NO_COMMON_BLOCKS = YES;
				GCC_OPTIMIZATION_LEVEL = 0;
				GCC_PREPROCESSOR_DEFINITIONS = (
					"DEBUG=1",
					"$(inherited)",
				);
				GCC_WARN_64_TO_32_BIT_CONVERSION = YES;
				GCC_WARN_ABOUT_RETURN_TYPE = YES_ERROR;
				GCC_WARN_UNDECLARED_SELECTOR = YES;
				GCC_WARN_UNINITIALIZED_AUTOS = YES_AGGRESSIVE;
				GCC_WARN_UNUSED_FUNCTION = YES;
				GCC_WARN_UNUSED_VARIABLE = YES;
				IPHONEOS_DEPLOYMENT_TARGET = 11.4;
				MTL_ENABLE_DEBUG_INFO = YES;
				ONLY_ACTIVE_ARCH = YES;
				SDKROOT = iphoneos;
				SWIFT_ACTIVE_COMPILATION_CONDITIONS = DEBUG;
				SWIFT_OPTIMIZATION_LEVEL = "-Onone";
			};
			name = Debug;
		};
		AB3CDF882120B9F700760410 /* Release */ = {
			isa = XCBuildConfiguration;
			buildSettings = {
				ALWAYS_SEARCH_USER_PATHS = NO;
				CLANG_ANALYZER_LOCALIZABILITY_NONLOCALIZED = YES;
				CLANG_ANALYZER_NONNULL = YES;
				CLANG_ANALYZER_NUMBER_OBJECT_CONVERSION = YES_AGGRESSIVE;
				CLANG_CXX_LANGUAGE_STANDARD = "gnu++14";
				CLANG_CXX_LIBRARY = "libc++";
				CLANG_ENABLE_MODULES = YES;
				CLANG_ENABLE_OBJC_ARC = YES;
				CLANG_ENABLE_OBJC_WEAK = YES;
				CLANG_WARN_BLOCK_CAPTURE_AUTORELEASING = YES;
				CLANG_WARN_BOOL_CONVERSION = YES;
				CLANG_WARN_COMMA = YES;
				CLANG_WARN_CONSTANT_CONVERSION = YES;
				CLANG_WARN_DEPRECATED_OBJC_IMPLEMENTATIONS = YES;
				CLANG_WARN_DIRECT_OBJC_ISA_USAGE = YES_ERROR;
				CLANG_WARN_DOCUMENTATION_COMMENTS = YES;
				CLANG_WARN_EMPTY_BODY = YES;
				CLANG_WARN_ENUM_CONVERSION = YES;
				CLANG_WARN_INFINITE_RECURSION = YES;
				CLANG_WARN_INT_CONVERSION = YES;
				CLANG_WARN_NON_LITERAL_NULL_CONVERSION = YES;
				CLANG_WARN_OBJC_IMPLICIT_RETAIN_SELF = YES;
				CLANG_WARN_OBJC_LITERAL_CONVERSION = YES;
				CLANG_WARN_OBJC_ROOT_CLASS = YES_ERROR;
				CLANG_WARN_RANGE_LOOP_ANALYSIS = YES;
				CLANG_WARN_STRICT_PROTOTYPES = YES;
				CLANG_WARN_SUSPICIOUS_MOVE = YES;
				CLANG_WARN_UNGUARDED_AVAILABILITY = YES_AGGRESSIVE;
				CLANG_WARN_UNREACHABLE_CODE = YES;
				CLANG_WARN__DUPLICATE_METHOD_MATCH = YES;
				CODE_SIGN_IDENTITY = "iPhone Developer";
				COPY_PHASE_STRIP = NO;
				DEBUG_INFORMATION_FORMAT = "dwarf-with-dsym";
				ENABLE_NS_ASSERTIONS = NO;
				ENABLE_STRICT_OBJC_MSGSEND = YES;
				GCC_C_LANGUAGE_STANDARD = gnu11;
				GCC_NO_COMMON_BLOCKS = YES;
				GCC_WARN_64_TO_32_BIT_CONVERSION = YES;
				GCC_WARN_ABOUT_RETURN_TYPE = YES_ERROR;
				GCC_WARN_UNDECLARED_SELECTOR = YES;
				GCC_WARN_UNINITIALIZED_AUTOS = YES_AGGRESSIVE;
				GCC_WARN_UNUSED_FUNCTION = YES;
				GCC_WARN_UNUSED_VARIABLE = YES;
				IPHONEOS_DEPLOYMENT_TARGET = 11.4;
				MTL_ENABLE_DEBUG_INFO = NO;
				SDKROOT = iphoneos;
				SWIFT_OPTIMIZATION_LEVEL = "-Owholemodule";
				VALIDATE_PRODUCT = YES;
			};
			name = Release;
		};
		AB3CDF8A2120B9F700760410 /* Debug */ = {
			isa = XCBuildConfiguration;
			baseConfigurationReference = C064AD2A6A286F803DD3B52B /* Pods-MovieBrowser.debug.xcconfig */;
			buildSettings = {
				ASSETCATALOG_COMPILER_APPICON_NAME = AppIcon;
				CODE_SIGN_STYLE = Automatic;
				DEVELOPMENT_TEAM = ADDNC5E2X5;
				INFOPLIST_FILE = MovieBrowser/Info.plist;
				IPHONEOS_DEPLOYMENT_TARGET = 10.0;
				LD_RUNPATH_SEARCH_PATHS = "$(inherited) @executable_path/Frameworks";
				PRODUCT_BUNDLE_IDENTIFIER = com.PaulHsieh.MovieBrowser;
				PRODUCT_NAME = "$(TARGET_NAME)";
				SWIFT_VERSION = 3.0;
				TARGETED_DEVICE_FAMILY = 1;
			};
			name = Debug;
		};
		AB3CDF8B2120B9F700760410 /* Release */ = {
			isa = XCBuildConfiguration;
			baseConfigurationReference = 94F6B6D322FFE6B84752DBAB /* Pods-MovieBrowser.release.xcconfig */;
			buildSettings = {
				ASSETCATALOG_COMPILER_APPICON_NAME = AppIcon;
				CODE_SIGN_STYLE = Automatic;
				DEVELOPMENT_TEAM = ADDNC5E2X5;
				INFOPLIST_FILE = MovieBrowser/Info.plist;
				IPHONEOS_DEPLOYMENT_TARGET = 10.0;
				LD_RUNPATH_SEARCH_PATHS = "$(inherited) @executable_path/Frameworks";
				PRODUCT_BUNDLE_IDENTIFIER = com.PaulHsieh.MovieBrowser;
				PRODUCT_NAME = "$(TARGET_NAME)";
				SWIFT_VERSION = 3.0;
				TARGETED_DEVICE_FAMILY = 1;
			};
			name = Release;
		};
/* End XCBuildConfiguration section */

/* Begin XCConfigurationList section */
		AB3CDF722120B9F400760410 /* Build configuration list for PBXProject "MovieBrowser" */ = {
			isa = XCConfigurationList;
			buildConfigurations = (
				AB3CDF872120B9F700760410 /* Debug */,
				AB3CDF882120B9F700760410 /* Release */,
			);
			defaultConfigurationIsVisible = 0;
			defaultConfigurationName = Release;
		};
		AB3CDF892120B9F700760410 /* Build configuration list for PBXNativeTarget "MovieBrowser" */ = {
			isa = XCConfigurationList;
			buildConfigurations = (
				AB3CDF8A2120B9F700760410 /* Debug */,
				AB3CDF8B2120B9F700760410 /* Release */,
			);
			defaultConfigurationIsVisible = 0;
			defaultConfigurationName = Release;
		};
/* End XCConfigurationList section */
	};
	rootObject = AB3CDF6F2120B9F400760410 /* Project object */;
}
